
Microsoft Visual Studio Solution File, Format Version 12.00
# Visual Studio Version 17
VisualStudioVersion = 17.3.32929.385
MinimumVisualStudioVersion = 10.0.40219.1
Project("{FAE04EC0-301F-11D3-BF4B-00C04F79EFBC}") = "InternshipPlatformAPI", "InternshipPlatformAPI\InternshipPlatformAPI.csproj", "{954288E4-B5D8-47A4-AEDF-AF5CC22D1485}"
EndProject
Global
	GlobalSection(SolutionConfigurationPlatforms) = preSolution
		Debug|Any CPU = Debug|Any CPU
		Release|Any CPU = Release|Any CPU
	EndGlobalSection
	GlobalSection(ProjectConfigurationPlatforms) = postSolution
		{954288E4-B5D8-47A4-AEDF-AF5CC22D1485}.Debug|Any CPU.ActiveCfg = Debug|Any CPU
		{954288E4-B5D8-47A4-AEDF-AF5CC22D1485}.Debug|Any CPU.Build.0 = Debug|Any CPU
		{954288E4-B5D8-47A4-AEDF-AF5CC22D1485}.Release|Any CPU.ActiveCfg = Release|Any CPU
		{954288E4-B5D8-47A4-AEDF-AF5CC22D1485}.Release|Any CPU.Build.0 = Release|Any CPU
	EndGlobalSection
	GlobalSection(SolutionProperties) = preSolution
		HideSolutionNode = FALSE
	EndGlobalSection
	GlobalSection(ExtensibilityGlobals) = postSolution
		SolutionGuid = {34541217-21C7-45ED-85D2-E19EAE561B54}
	EndGlobalSection
EndGlobal
